// !$*UTF8*$!
{
	archiveVersion = 1;
	classes = {
	};
	objectVersion = 50;
	objects = {

/* Begin PBXBuildFile section */
		870DF2352748CF8D00787095 /* Double.swift in Sources */ = {isa = PBXBuildFile; fileRef = 870DF2342748CF8D00787095 /* Double.swift */; };
		870DF2362748D21C00787095 /* Double.swift in Sources */ = {isa = PBXBuildFile; fileRef = 870DF2342748CF8D00787095 /* Double.swift */; };
		870DF2382748D80300787095 /* Color.swift in Sources */ = {isa = PBXBuildFile; fileRef = 870DF2372748D80300787095 /* Color.swift */; };
		870DF2392748D80500787095 /* Color.swift in Sources */ = {isa = PBXBuildFile; fileRef = 870DF2372748D80300787095 /* Color.swift */; };
		870DF23B2748D9B300787095 /* ColorTests.swift in Sources */ = {isa = PBXBuildFile; fileRef = 870DF23A2748D9B300787095 /* ColorTests.swift */; };
		870DF23D27496AF100787095 /* Canvas.swift in Sources */ = {isa = PBXBuildFile; fileRef = 870DF23C27496AF100787095 /* Canvas.swift */; };
		870DF23F27496D1F00787095 /* CanvasTests.swift in Sources */ = {isa = PBXBuildFile; fileRef = 870DF23E27496D1F00787095 /* CanvasTests.swift */; };
		870DF24027496D3B00787095 /* Canvas.swift in Sources */ = {isa = PBXBuildFile; fileRef = 870DF23C27496AF100787095 /* Canvas.swift */; };
		870DF242274975B900787095 /* Ppm.swift in Sources */ = {isa = PBXBuildFile; fileRef = 870DF241274975B900787095 /* Ppm.swift */; };
		870DF244274977C700787095 /* PpmTests.swift in Sources */ = {isa = PBXBuildFile; fileRef = 870DF243274977C700787095 /* PpmTests.swift */; };
		870DF2452749782C00787095 /* Ppm.swift in Sources */ = {isa = PBXBuildFile; fileRef = 870DF241274975B900787095 /* Ppm.swift */; };
		875B39802748B94C00666443 /* main.swift in Sources */ = {isa = PBXBuildFile; fileRef = 875B397F2748B94C00666443 /* main.swift */; };
		875B398D2748B97200666443 /* TupleTests.swift in Sources */ = {isa = PBXBuildFile; fileRef = 875B398C2748B97200666443 /* TupleTests.swift */; };
		875B39932748BA4700666443 /* Tuple.swift in Sources */ = {isa = PBXBuildFile; fileRef = 875B39922748BA4700666443 /* Tuple.swift */; };
		875B39942748BA8400666443 /* Tuple.swift in Sources */ = {isa = PBXBuildFile; fileRef = 875B39922748BA4700666443 /* Tuple.swift */; };
/* End PBXBuildFile section */

/* Begin PBXCopyFilesBuildPhase section */
		875B397A2748B94C00666443 /* CopyFiles */ = {
			isa = PBXCopyFilesBuildPhase;
			buildActionMask = 2147483647;
			dstPath = /usr/share/man/man1/;
			dstSubfolderSpec = 0;
			files = (
			);
			runOnlyForDeploymentPostprocessing = 1;
		};
/* End PBXCopyFilesBuildPhase section */

/* Begin PBXFileReference section */
		870DF2342748CF8D00787095 /* Double.swift */ = {isa = PBXFileReference; lastKnownFileType = sourcecode.swift; path = Double.swift; sourceTree = "<group>"; };
		870DF2372748D80300787095 /* Color.swift */ = {isa = PBXFileReference; lastKnownFileType = sourcecode.swift; path = Color.swift; sourceTree = "<group>"; };
		870DF23A2748D9B300787095 /* ColorTests.swift */ = {isa = PBXFileReference; lastKnownFileType = sourcecode.swift; path = ColorTests.swift; sourceTree = "<group>"; };
		870DF23C27496AF100787095 /* Canvas.swift */ = {isa = PBXFileReference; lastKnownFileType = sourcecode.swift; path = Canvas.swift; sourceTree = "<group>"; };
		870DF23E27496D1F00787095 /* CanvasTests.swift */ = {isa = PBXFileReference; lastKnownFileType = sourcecode.swift; path = CanvasTests.swift; sourceTree = "<group>"; };
		870DF241274975B900787095 /* Ppm.swift */ = {isa = PBXFileReference; lastKnownFileType = sourcecode.swift; path = Ppm.swift; sourceTree = "<group>"; };
		870DF243274977C700787095 /* PpmTests.swift */ = {isa = PBXFileReference; lastKnownFileType = sourcecode.swift; path = PpmTests.swift; sourceTree = "<group>"; };
		875B397C2748B94C00666443 /* Scintilla */ = {isa = PBXFileReference; explicitFileType = "compiled.mach-o.executable"; includeInIndex = 0; path = Scintilla; sourceTree = BUILT_PRODUCTS_DIR; };
		875B397F2748B94C00666443 /* main.swift */ = {isa = PBXFileReference; lastKnownFileType = sourcecode.swift; path = main.swift; sourceTree = "<group>"; };
		875B398A2748B97200666443 /* ScintillaTests.xctest */ = {isa = PBXFileReference; explicitFileType = wrapper.cfbundle; includeInIndex = 0; path = ScintillaTests.xctest; sourceTree = BUILT_PRODUCTS_DIR; };
		875B398C2748B97200666443 /* TupleTests.swift */ = {isa = PBXFileReference; lastKnownFileType = sourcecode.swift; path = TupleTests.swift; sourceTree = "<group>"; };
		875B398E2748B97200666443 /* Info.plist */ = {isa = PBXFileReference; lastKnownFileType = text.plist.xml; path = Info.plist; sourceTree = "<group>"; };
		875B39922748BA4700666443 /* Tuple.swift */ = {isa = PBXFileReference; lastKnownFileType = sourcecode.swift; path = Tuple.swift; sourceTree = "<group>"; };
/* End PBXFileReference section */

/* Begin PBXFrameworksBuildPhase section */
		875B39792748B94C00666443 /* Frameworks */ = {
			isa = PBXFrameworksBuildPhase;
			buildActionMask = 2147483647;
			files = (
			);
			runOnlyForDeploymentPostprocessing = 0;
		};
		875B39872748B97200666443 /* Frameworks */ = {
			isa = PBXFrameworksBuildPhase;
			buildActionMask = 2147483647;
			files = (
			);
			runOnlyForDeploymentPostprocessing = 0;
		};
/* End PBXFrameworksBuildPhase section */

/* Begin PBXGroup section */
		875B39732748B94C00666443 = {
			isa = PBXGroup;
			children = (
				875B397E2748B94C00666443 /* Scintilla */,
				875B398B2748B97200666443 /* ScintillaTests */,
				875B397D2748B94C00666443 /* Products */,
			);
			sourceTree = "<group>";
		};
		875B397D2748B94C00666443 /* Products */ = {
			isa = PBXGroup;
			children = (
				875B397C2748B94C00666443 /* Scintilla */,
				875B398A2748B97200666443 /* ScintillaTests.xctest */,
			);
			name = Products;
			sourceTree = "<group>";
		};
		875B397E2748B94C00666443 /* Scintilla */ = {
			isa = PBXGroup;
			children = (
				875B397F2748B94C00666443 /* main.swift */,
				870DF23C27496AF100787095 /* Canvas.swift */,
				870DF2372748D80300787095 /* Color.swift */,
				870DF2342748CF8D00787095 /* Double.swift */,
				875B39922748BA4700666443 /* Tuple.swift */,
				870DF241274975B900787095 /* Ppm.swift */,
			);
			path = Scintilla;
			sourceTree = "<group>";
		};
		875B398B2748B97200666443 /* ScintillaTests */ = {
			isa = PBXGroup;
			children = (
				870DF23E27496D1F00787095 /* CanvasTests.swift */,
				870DF23A2748D9B300787095 /* ColorTests.swift */,
				875B398C2748B97200666443 /* TupleTests.swift */,
				875B398E2748B97200666443 /* Info.plist */,
				870DF243274977C700787095 /* PpmTests.swift */,
			);
			path = ScintillaTests;
			sourceTree = "<group>";
		};
/* End PBXGroup section */

/* Begin PBXNativeTarget section */
		875B397B2748B94C00666443 /* Scintilla */ = {
			isa = PBXNativeTarget;
			buildConfigurationList = 875B39832748B94C00666443 /* Build configuration list for PBXNativeTarget "Scintilla" */;
			buildPhases = (
				875B39782748B94C00666443 /* Sources */,
				875B39792748B94C00666443 /* Frameworks */,
				875B397A2748B94C00666443 /* CopyFiles */,
			);
			buildRules = (
			);
			dependencies = (
			);
			name = Scintilla;
			productName = Scintilla;
			productReference = 875B397C2748B94C00666443 /* Scintilla */;
			productType = "com.apple.product-type.tool";
		};
		875B39892748B97200666443 /* ScintillaTests */ = {
			isa = PBXNativeTarget;
			buildConfigurationList = 875B398F2748B97200666443 /* Build configuration list for PBXNativeTarget "ScintillaTests" */;
			buildPhases = (
				875B39862748B97200666443 /* Sources */,
				875B39872748B97200666443 /* Frameworks */,
				875B39882748B97200666443 /* Resources */,
			);
			buildRules = (
			);
			dependencies = (
			);
			name = ScintillaTests;
			productName = ScintillaTests;
			productReference = 875B398A2748B97200666443 /* ScintillaTests.xctest */;
			productType = "com.apple.product-type.bundle.unit-test";
		};
/* End PBXNativeTarget section */

/* Begin PBXProject section */
		875B39742748B94C00666443 /* Project object */ = {
			isa = PBXProject;
			attributes = {
				LastSwiftUpdateCheck = 1250;
				LastUpgradeCheck = 1250;
				TargetAttributes = {
					875B397B2748B94C00666443 = {
						CreatedOnToolsVersion = 12.5;
					};
					875B39892748B97200666443 = {
						CreatedOnToolsVersion = 12.5;
					};
				};
			};
			buildConfigurationList = 875B39772748B94C00666443 /* Build configuration list for PBXProject "Scintilla" */;
			compatibilityVersion = "Xcode 9.3";
			developmentRegion = en;
			hasScannedForEncodings = 0;
			knownRegions = (
				en,
				Base,
			);
			mainGroup = 875B39732748B94C00666443;
			productRefGroup = 875B397D2748B94C00666443 /* Products */;
			projectDirPath = "";
			projectRoot = "";
			targets = (
				875B397B2748B94C00666443 /* Scintilla */,
				875B39892748B97200666443 /* ScintillaTests */,
			);
		};
/* End PBXProject section */

/* Begin PBXResourcesBuildPhase section */
		875B39882748B97200666443 /* Resources */ = {
			isa = PBXResourcesBuildPhase;
			buildActionMask = 2147483647;
			files = (
			);
			runOnlyForDeploymentPostprocessing = 0;
		};
/* End PBXResourcesBuildPhase section */

/* Begin PBXSourcesBuildPhase section */
		875B39782748B94C00666443 /* Sources */ = {
			isa = PBXSourcesBuildPhase;
			buildActionMask = 2147483647;
			files = (
				875B39932748BA4700666443 /* Tuple.swift in Sources */,
				870DF2382748D80300787095 /* Color.swift in Sources */,
				870DF2352748CF8D00787095 /* Double.swift in Sources */,
				870DF242274975B900787095 /* Ppm.swift in Sources */,
				870DF23D27496AF100787095 /* Canvas.swift in Sources */,
				875B39802748B94C00666443 /* main.swift in Sources */,
			);
			runOnlyForDeploymentPostprocessing = 0;
		};
		875B39862748B97200666443 /* Sources */ = {
			isa = PBXSourcesBuildPhase;
			buildActionMask = 2147483647;
			files = (
				870DF24027496D3B00787095 /* Canvas.swift in Sources */,
				870DF244274977C700787095 /* PpmTests.swift in Sources */,
				875B39942748BA8400666443 /* Tuple.swift in Sources */,
				870DF2452749782C00787095 /* Ppm.swift in Sources */,
				870DF2392748D80500787095 /* Color.swift in Sources */,
				870DF23B2748D9B300787095 /* ColorTests.swift in Sources */,
				870DF2362748D21C00787095 /* Double.swift in Sources */,
				875B398D2748B97200666443 /* TupleTests.swift in Sources */,
				870DF23F27496D1F00787095 /* CanvasTests.swift in Sources */,
			);
			runOnlyForDeploymentPostprocessing = 0;
		};
/* End PBXSourcesBuildPhase section */

/* Begin XCBuildConfiguration section */
		875B39812748B94C00666443 /* Debug */ = {
			isa = XCBuildConfiguration;
			buildSettings = {
				ALWAYS_SEARCH_USER_PATHS = NO;
				CLANG_ANALYZER_NONNULL = YES;
				CLANG_ANALYZER_NUMBER_OBJECT_CONVERSION = YES_AGGRESSIVE;
				CLANG_CXX_LANGUAGE_STANDARD = "gnu++14";
				CLANG_CXX_LIBRARY = "libc++";
				CLANG_ENABLE_MODULES = YES;
				CLANG_ENABLE_OBJC_ARC = YES;
				CLANG_ENABLE_OBJC_WEAK = YES;
				CLANG_WARN_BLOCK_CAPTURE_AUTORELEASING = YES;
				CLANG_WARN_BOOL_CONVERSION = YES;
				CLANG_WARN_COMMA = YES;
				CLANG_WARN_CONSTANT_CONVERSION = YES;
				CLANG_WARN_DEPRECATED_OBJC_IMPLEMENTATIONS = YES;
				CLANG_WARN_DIRECT_OBJC_ISA_USAGE = YES_ERROR;
				CLANG_WARN_DOCUMENTATION_COMMENTS = YES;
				CLANG_WARN_EMPTY_BODY = YES;
				CLANG_WARN_ENUM_CONVERSION = YES;
				CLANG_WARN_INFINITE_RECURSION = YES;
				CLANG_WARN_INT_CONVERSION = YES;
				CLANG_WARN_NON_LITERAL_NULL_CONVERSION = YES;
				CLANG_WARN_OBJC_IMPLICIT_RETAIN_SELF = YES;
				CLANG_WARN_OBJC_LITERAL_CONVERSION = YES;
				CLANG_WARN_OBJC_ROOT_CLASS = YES_ERROR;
				CLANG_WARN_QUOTED_INCLUDE_IN_FRAMEWORK_HEADER = YES;
				CLANG_WARN_RANGE_LOOP_ANALYSIS = YES;
				CLANG_WARN_STRICT_PROTOTYPES = YES;
				CLANG_WARN_SUSPICIOUS_MOVE = YES;
				CLANG_WARN_UNGUARDED_AVAILABILITY = YES_AGGRESSIVE;
				CLANG_WARN_UNREACHABLE_CODE = YES;
				CLANG_WARN__DUPLICATE_METHOD_MATCH = YES;
				COPY_PHASE_STRIP = NO;
				DEBUG_INFORMATION_FORMAT = dwarf;
				ENABLE_STRICT_OBJC_MSGSEND = YES;
				ENABLE_TESTABILITY = YES;
				GCC_C_LANGUAGE_STANDARD = gnu11;
				GCC_DYNAMIC_NO_PIC = NO;
				GCC_NO_COMMON_BLOCKS = YES;
				GCC_OPTIMIZATION_LEVEL = 0;
				GCC_PREPROCESSOR_DEFINITIONS = (
					"DEBUG=1",
					"$(inherited)",
				);
				GCC_WARN_64_TO_32_BIT_CONVERSION = YES;
				GCC_WARN_ABOUT_RETURN_TYPE = YES_ERROR;
				GCC_WARN_UNDECLARED_SELECTOR = YES;
				GCC_WARN_UNINITIALIZED_AUTOS = YES_AGGRESSIVE;
				GCC_WARN_UNUSED_FUNCTION = YES;
				GCC_WARN_UNUSED_VARIABLE = YES;
				MACOSX_DEPLOYMENT_TARGET = 11.0;
				MTL_ENABLE_DEBUG_INFO = INCLUDE_SOURCE;
				MTL_FAST_MATH = YES;
				ONLY_ACTIVE_ARCH = YES;
				SDKROOT = macosx;
				SWIFT_ACTIVE_COMPILATION_CONDITIONS = DEBUG;
				SWIFT_OPTIMIZATION_LEVEL = "-Onone";
			};
			name = Debug;
		};
		875B39822748B94C00666443 /* Release */ = {
			isa = XCBuildConfiguration;
			buildSettings = {
				ALWAYS_SEARCH_USER_PATHS = NO;
				CLANG_ANALYZER_NONNULL = YES;
				CLANG_ANALYZER_NUMBER_OBJECT_CONVERSION = YES_AGGRESSIVE;
				CLANG_CXX_LANGUAGE_STANDARD = "gnu++14";
				CLANG_CXX_LIBRARY = "libc++";
				CLANG_ENABLE_MODULES = YES;
				CLANG_ENABLE_OBJC_ARC = YES;
				CLANG_ENABLE_OBJC_WEAK = YES;
				CLANG_WARN_BLOCK_CAPTURE_AUTORELEASING = YES;
				CLANG_WARN_BOOL_CONVERSION = YES;
				CLANG_WARN_COMMA = YES;
				CLANG_WARN_CONSTANT_CONVERSION = YES;
				CLANG_WARN_DEPRECATED_OBJC_IMPLEMENTATIONS = YES;
				CLANG_WARN_DIRECT_OBJC_ISA_USAGE = YES_ERROR;
				CLANG_WARN_DOCUMENTATION_COMMENTS = YES;
				CLANG_WARN_EMPTY_BODY = YES;
				CLANG_WARN_ENUM_CONVERSION = YES;
				CLANG_WARN_INFINITE_RECURSION = YES;
				CLANG_WARN_INT_CONVERSION = YES;
				CLANG_WARN_NON_LITERAL_NULL_CONVERSION = YES;
				CLANG_WARN_OBJC_IMPLICIT_RETAIN_SELF = YES;
				CLANG_WARN_OBJC_LITERAL_CONVERSION = YES;
				CLANG_WARN_OBJC_ROOT_CLASS = YES_ERROR;
				CLANG_WARN_QUOTED_INCLUDE_IN_FRAMEWORK_HEADER = YES;
				CLANG_WARN_RANGE_LOOP_ANALYSIS = YES;
				CLANG_WARN_STRICT_PROTOTYPES = YES;
				CLANG_WARN_SUSPICIOUS_MOVE = YES;
				CLANG_WARN_UNGUARDED_AVAILABILITY = YES_AGGRESSIVE;
				CLANG_WARN_UNREACHABLE_CODE = YES;
				CLANG_WARN__DUPLICATE_METHOD_MATCH = YES;
				COPY_PHASE_STRIP = NO;
				DEBUG_INFORMATION_FORMAT = "dwarf-with-dsym";
				ENABLE_NS_ASSERTIONS = NO;
				ENABLE_STRICT_OBJC_MSGSEND = YES;
				GCC_C_LANGUAGE_STANDARD = gnu11;
				GCC_NO_COMMON_BLOCKS = YES;
				GCC_WARN_64_TO_32_BIT_CONVERSION = YES;
				GCC_WARN_ABOUT_RETURN_TYPE = YES_ERROR;
				GCC_WARN_UNDECLARED_SELECTOR = YES;
				GCC_WARN_UNINITIALIZED_AUTOS = YES_AGGRESSIVE;
				GCC_WARN_UNUSED_FUNCTION = YES;
				GCC_WARN_UNUSED_VARIABLE = YES;
				MACOSX_DEPLOYMENT_TARGET = 11.0;
				MTL_ENABLE_DEBUG_INFO = NO;
				MTL_FAST_MATH = YES;
				SDKROOT = macosx;
				SWIFT_COMPILATION_MODE = wholemodule;
				SWIFT_OPTIMIZATION_LEVEL = "-O";
			};
			name = Release;
		};
		875B39842748B94C00666443 /* Debug */ = {
			isa = XCBuildConfiguration;
			buildSettings = {
				CODE_SIGN_STYLE = Automatic;
				DEVELOPMENT_TEAM = GARV9392W2;
				ENABLE_HARDENED_RUNTIME = YES;
				PRODUCT_NAME = "$(TARGET_NAME)";
				SWIFT_VERSION = 5.0;
			};
			name = Debug;
		};
		875B39852748B94C00666443 /* Release */ = {
			isa = XCBuildConfiguration;
			buildSettings = {
				CODE_SIGN_STYLE = Automatic;
				DEVELOPMENT_TEAM = GARV9392W2;
				ENABLE_HARDENED_RUNTIME = YES;
				PRODUCT_NAME = "$(TARGET_NAME)";
				SWIFT_VERSION = 5.0;
			};
			name = Release;
		};
		875B39902748B97200666443 /* Debug */ = {
			isa = XCBuildConfiguration;
			buildSettings = {
				CODE_SIGN_STYLE = Automatic;
				COMBINE_HIDPI_IMAGES = YES;
				DEVELOPMENT_TEAM = GARV9392W2;
				INFOPLIST_FILE = ScintillaTests/Info.plist;
				LD_RUNPATH_SEARCH_PATHS = (
					"$(inherited)",
					"@executable_path/../Frameworks",
					"@loader_path/../Frameworks",
				);
				PRODUCT_BUNDLE_IDENTIFIER = com.quephird.ScintillaTests;
				PRODUCT_NAME = "$(TARGET_NAME)";
				SWIFT_VERSION = 5.0;
			};
			name = Debug;
		};
		875B39912748B97200666443 /* Release */ = {
			isa = XCBuildConfiguration;
			buildSettings = {
				CODE_SIGN_STYLE = Automatic;
				COMBINE_HIDPI_IMAGES = YES;
				DEVELOPMENT_TEAM = GARV9392W2;
				INFOPLIST_FILE = ScintillaTests/Info.plist;
				LD_RUNPATH_SEARCH_PATHS = (
					"$(inherited)",
					"@executable_path/../Frameworks",
					"@loader_path/../Frameworks",
				);
				PRODUCT_BUNDLE_IDENTIFIER = com.quephird.ScintillaTests;
				PRODUCT_NAME = "$(TARGET_NAME)";
				SWIFT_VERSION = 5.0;
			};
			name = Release;
		};
/* End XCBuildConfiguration section */

/* Begin XCConfigurationList section */
		875B39772748B94C00666443 /* Build configuration list for PBXProject "Scintilla" */ = {
			isa = XCConfigurationList;
			buildConfigurations = (
				875B39812748B94C00666443 /* Debug */,
				875B39822748B94C00666443 /* Release */,
			);
			defaultConfigurationIsVisible = 0;
			defaultConfigurationName = Release;
		};
		875B39832748B94C00666443 /* Build configuration list for PBXNativeTarget "Scintilla" */ = {
			isa = XCConfigurationList;
			buildConfigurations = (
				875B39842748B94C00666443 /* Debug */,
				875B39852748B94C00666443 /* Release */,
			);
			defaultConfigurationIsVisible = 0;
			defaultConfigurationName = Release;
		};
		875B398F2748B97200666443 /* Build configuration list for PBXNativeTarget "ScintillaTests" */ = {
			isa = XCConfigurationList;
			buildConfigurations = (
				875B39902748B97200666443 /* Debug */,
				875B39912748B97200666443 /* Release */,
			);
			defaultConfigurationIsVisible = 0;
			defaultConfigurationName = Release;
		};
/* End XCConfigurationList section */
	};
	rootObject = 875B39742748B94C00666443 /* Project object */;
}
